
Microsoft Visual Studio Solution File, Format Version 12.00
Project("{FAE04EC0-301F-11D3-BF4B-00C04F79EFBC}") = "WPFhanoi", "WPFhanoi\WPFhanoi.csproj", "{C27D4B5A-0966-4C12-B6CA-D2569229462E}"
EndProject
Global
	GlobalSection(SolutionConfigurationPlatforms) = preSolution
		Debug|Any CPU = Debug|Any CPU
		Release|Any CPU = Release|Any CPU
	EndGlobalSection
	GlobalSection(ProjectConfigurationPlatforms) = postSolution
		{C27D4B5A-0966-4C12-B6CA-D2569229462E}.Debug|Any CPU.ActiveCfg = Debug|Any CPU
		{C27D4B5A-0966-4C12-B6CA-D2569229462E}.Debug|Any CPU.Build.0 = Debug|Any CPU
		{C27D4B5A-0966-4C12-B6CA-D2569229462E}.Release|Any CPU.ActiveCfg = Release|Any CPU
		{C27D4B5A-0966-4C12-B6CA-D2569229462E}.Release|Any CPU.Build.0 = Release|Any CPU
	EndGlobalSection
EndGlobal
